
Microsoft Visual Studio Solution File, Format Version 12.00
# Visual Studio 15
VisualStudioVersion = 15.0.28010.2046
MinimumVisualStudioVersion = 10.0.40219.1
Project("{8BC9CEB8-8B4A-11D0-8D11-00A0C91BC942}") = "Rap_S0n1c", "Rap_S0n1c\Rap_S0n1c.vcxproj", "{E4994180-2C08-4282-A77C-15185B4D4785}"
EndProject
Global
	GlobalSection(SolutionConfigurationPlatforms) = preSolution
		Debug|x64 = Debug|x64
		Debug|x86 = Debug|x86
		Release|x64 = Release|x64
		Release|x86 = Release|x86
	EndGlobalSection
	GlobalSection(ProjectConfigurationPlatforms) = postSolution
		{E4994180-2C08-4282-A77C-15185B4D4785}.Debug|x64.ActiveCfg = Debug|x64
		{E4994180-2C08-4282-A77C-15185B4D4785}.Debug|x64.Build.0 = Debug|x64
		{E4994180-2C08-4282-A77C-15185B4D4785}.Debug|x86.ActiveCfg = Debug|Win32
		{E4994180-2C08-4282-A77C-15185B4D4785}.Debug|x86.Build.0 = Debug|Win32
		{E4994180-2C08-4282-A77C-15185B4D4785}.Release|x64.ActiveCfg = Release|x64
		{E4994180-2C08-4282-A77C-15185B4D4785}.Release|x64.Build.0 = Release|x64
		{E4994180-2C08-4282-A77C-15185B4D4785}.Release|x86.ActiveCfg = Release|Win32
		{E4994180-2C08-4282-A77C-15185B4D4785}.Release|x86.Build.0 = Release|Win32
	EndGlobalSection
	GlobalSection(SolutionProperties) = preSolution
		HideSolutionNode = FALSE
	EndGlobalSection
	GlobalSection(ExtensibilityGlobals) = postSolution
		SolutionGuid = {D34806D5-7002-429D-815F-E4CBA0EF8353}
	EndGlobalSection
EndGlobal
